
Microsoft Visual Studio Solution File, Format Version 12.00
# Visual Studio Version 16
VisualStudioVersion = 16.0.31702.278
MinimumVisualStudioVersion = 10.0.40219.1
Project("{8BC9CEB8-8B4A-11D0-8D11-00A0C91BC942}") = "Task 2", "Task 2\Task 2.vcxproj", "{E7390ABD-3057-41DD-B0BD-1BDF5A8DCC8B}"
EndProject
Project("{8BC9CEB8-8B4A-11D0-8D11-00A0C91BC942}") = "Task 1", "Task 1\Task 1.vcxproj", "{66468C92-E1FA-4954-8E93-19BD577F4481}"
EndProject
Project("{8BC9CEB8-8B4A-11D0-8D11-00A0C91BC942}") = "Task 3", "Task 3\Task 3.vcxproj", "{82CDDAEF-C4F2-4E16-84C9-08515719CA16}"
EndProject
Project("{8BC9CEB8-8B4A-11D0-8D11-00A0C91BC942}") = "Task 4", "Task 4\Task 4.vcxproj", "{96CBAF7A-DEA8-44FF-9738-C1954A3266E6}"
EndProject
Project("{8BC9CEB8-8B4A-11D0-8D11-00A0C91BC942}") = "Task 5", "Task 5\Task 5.vcxproj", "{9EBFC225-AC11-4D32-905B-A50F5E7BFAE2}"
EndProject
Project("{8BC9CEB8-8B4A-11D0-8D11-00A0C91BC942}") = "Task 6", "Task 6\Task 6.vcxproj", "{7CD10E03-0057-4782-B711-CF9245B6DC8C}"
EndProject
Project("{8BC9CEB8-8B4A-11D0-8D11-00A0C91BC942}") = "Task 7", "Task 7\Task 7.vcxproj", "{764E5C16-4D97-4F86-BD30-597325E57AE5}"
EndProject
Project("{8BC9CEB8-8B4A-11D0-8D11-00A0C91BC942}") = "Task 8", "Task 8\Task 8.vcxproj", "{8A032221-5E58-41B3-A323-9A3EB764CC83}"
EndProject
Project("{8BC9CEB8-8B4A-11D0-8D11-00A0C91BC942}") = "Task 9", "Task 9\Task 9.vcxproj", "{606AC2CE-8187-423F-B264-9DCEC378ADB1}"
EndProject
Project("{8BC9CEB8-8B4A-11D0-8D11-00A0C91BC942}") = "Task 10", "Task 10\Task 10.vcxproj", "{C0FE757D-2601-4D18-8F80-4A948BA6C08F}"
EndProject
Global
	GlobalSection(SolutionConfigurationPlatforms) = preSolution
		Debug|x64 = Debug|x64
		Debug|x86 = Debug|x86
		Release|x64 = Release|x64
		Release|x86 = Release|x86
	EndGlobalSection
	GlobalSection(ProjectConfigurationPlatforms) = postSolution
		{E7390ABD-3057-41DD-B0BD-1BDF5A8DCC8B}.Debug|x64.ActiveCfg = Debug|x64
		{E7390ABD-3057-41DD-B0BD-1BDF5A8DCC8B}.Debug|x64.Build.0 = Debug|x64
		{E7390ABD-3057-41DD-B0BD-1BDF5A8DCC8B}.Debug|x86.ActiveCfg = Debug|Win32
		{E7390ABD-3057-41DD-B0BD-1BDF5A8DCC8B}.Debug|x86.Build.0 = Debug|Win32
		{E7390ABD-3057-41DD-B0BD-1BDF5A8DCC8B}.Release|x64.ActiveCfg = Release|x64
		{E7390ABD-3057-41DD-B0BD-1BDF5A8DCC8B}.Release|x64.Build.0 = Release|x64
		{E7390ABD-3057-41DD-B0BD-1BDF5A8DCC8B}.Release|x86.ActiveCfg = Release|Win32
		{E7390ABD-3057-41DD-B0BD-1BDF5A8DCC8B}.Release|x86.Build.0 = Release|Win32
		{66468C92-E1FA-4954-8E93-19BD577F4481}.Debug|x64.ActiveCfg = Debug|x64
		{66468C92-E1FA-4954-8E93-19BD577F4481}.Debug|x64.Build.0 = Debug|x64
		{66468C92-E1FA-4954-8E93-19BD577F4481}.Debug|x86.ActiveCfg = Debug|Win32
		{66468C92-E1FA-4954-8E93-19BD577F4481}.Debug|x86.Build.0 = Debug|Win32
		{66468C92-E1FA-4954-8E93-19BD577F4481}.Release|x64.ActiveCfg = Release|x64
		{66468C92-E1FA-4954-8E93-19BD577F4481}.Release|x64.Build.0 = Release|x64
		{66468C92-E1FA-4954-8E93-19BD577F4481}.Release|x86.ActiveCfg = Release|Win32
		{66468C92-E1FA-4954-8E93-19BD577F4481}.Release|x86.Build.0 = Release|Win32
		{82CDDAEF-C4F2-4E16-84C9-08515719CA16}.Debug|x64.ActiveCfg = Debug|x64
		{82CDDAEF-C4F2-4E16-84C9-08515719CA16}.Debug|x64.Build.0 = Debug|x64
		{82CDDAEF-C4F2-4E16-84C9-08515719CA16}.Debug|x86.ActiveCfg = Debug|Win32
		{82CDDAEF-C4F2-4E16-84C9-08515719CA16}.Debug|x86.Build.0 = Debug|Win32
		{82CDDAEF-C4F2-4E16-84C9-08515719CA16}.Release|x64.ActiveCfg = Release|x64
		{82CDDAEF-C4F2-4E16-84C9-08515719CA16}.Release|x64.Build.0 = Release|x64
		{82CDDAEF-C4F2-4E16-84C9-08515719CA16}.Release|x86.ActiveCfg = Release|Win32
		{82CDDAEF-C4F2-4E16-84C9-08515719CA16}.Release|x86.Build.0 = Release|Win32
		{96CBAF7A-DEA8-44FF-9738-C1954A3266E6}.Debug|x64.ActiveCfg = Debug|x64
		{96CBAF7A-DEA8-44FF-9738-C1954A3266E6}.Debug|x64.Build.0 = Debug|x64
		{96CBAF7A-DEA8-44FF-9738-C1954A3266E6}.Debug|x86.ActiveCfg = Debug|Win32
		{96CBAF7A-DEA8-44FF-9738-C1954A3266E6}.Debug|x86.Build.0 = Debug|Win32
		{96CBAF7A-DEA8-44FF-9738-C1954A3266E6}.Release|x64.ActiveCfg = Release|x64
		{96CBAF7A-DEA8-44FF-9738-C1954A3266E6}.Release|x64.Build.0 = Release|x64
		{96CBAF7A-DEA8-44FF-9738-C1954A3266E6}.Release|x86.ActiveCfg = Release|Win32
		{96CBAF7A-DEA8-44FF-9738-C1954A3266E6}.Release|x86.Build.0 = Release|Win32
		{9EBFC225-AC11-4D32-905B-A50F5E7BFAE2}.Debug|x64.ActiveCfg = Debug|x64
		{9EBFC225-AC11-4D32-905B-A50F5E7BFAE2}.Debug|x64.Build.0 = Debug|x64
		{9EBFC225-AC11-4D32-905B-A50F5E7BFAE2}.Debug|x86.ActiveCfg = Debug|Win32
		{9EBFC225-AC11-4D32-905B-A50F5E7BFAE2}.Debug|x86.Build.0 = Debug|Win32
		{9EBFC225-AC11-4D32-905B-A50F5E7BFAE2}.Release|x64.ActiveCfg = Release|x64
		{9EBFC225-AC11-4D32-905B-A50F5E7BFAE2}.Release|x64.Build.0 = Release|x64
		{9EBFC225-AC11-4D32-905B-A50F5E7BFAE2}.Release|x86.ActiveCfg = Release|Win32
		{9EBFC225-AC11-4D32-905B-A50F5E7BFAE2}.Release|x86.Build.0 = Release|Win32
		{7CD10E03-0057-4782-B711-CF9245B6DC8C}.Debug|x64.ActiveCfg = Debug|x64
		{7CD10E03-0057-4782-B711-CF9245B6DC8C}.Debug|x64.Build.0 = Debug|x64
		{7CD10E03-0057-4782-B711-CF9245B6DC8C}.Debug|x86.ActiveCfg = Debug|Win32
		{7CD10E03-0057-4782-B711-CF9245B6DC8C}.Debug|x86.Build.0 = Debug|Win32
		{7CD10E03-0057-4782-B711-CF9245B6DC8C}.Release|x64.ActiveCfg = Release|x64
		{7CD10E03-0057-4782-B711-CF9245B6DC8C}.Release|x64.Build.0 = Release|x64
		{7CD10E03-0057-4782-B711-CF9245B6DC8C}.Release|x86.ActiveCfg = Release|Win32
		{7CD10E03-0057-4782-B711-CF9245B6DC8C}.Release|x86.Build.0 = Release|Win32
		{764E5C16-4D97-4F86-BD30-597325E57AE5}.Debug|x64.ActiveCfg = Debug|x64
		{764E5C16-4D97-4F86-BD30-597325E57AE5}.Debug|x64.Build.0 = Debug|x64
		{764E5C16-4D97-4F86-BD30-597325E57AE5}.Debug|x86.ActiveCfg = Debug|Win32
		{764E5C16-4D97-4F86-BD30-597325E57AE5}.Debug|x86.Build.0 = Debug|Win32
		{764E5C16-4D97-4F86-BD30-597325E57AE5}.Release|x64.ActiveCfg = Release|x64
		{764E5C16-4D97-4F86-BD30-597325E57AE5}.Release|x64.Build.0 = Release|x64
		{764E5C16-4D97-4F86-BD30-597325E57AE5}.Release|x86.ActiveCfg = Release|Win32
		{764E5C16-4D97-4F86-BD30-597325E57AE5}.Release|x86.Build.0 = Release|Win32
		{8A032221-5E58-41B3-A323-9A3EB764CC83}.Debug|x64.ActiveCfg = Debug|x64
		{8A032221-5E58-41B3-A323-9A3EB764CC83}.Debug|x64.Build.0 = Debug|x64
		{8A032221-5E58-41B3-A323-9A3EB764CC83}.Debug|x86.ActiveCfg = Debug|Win32
		{8A032221-5E58-41B3-A323-9A3EB764CC83}.Debug|x86.Build.0 = Debug|Win32
		{8A032221-5E58-41B3-A323-9A3EB764CC83}.Release|x64.ActiveCfg = Release|x64
		{8A032221-5E58-41B3-A323-9A3EB764CC83}.Release|x64.Build.0 = Release|x64
		{8A032221-5E58-41B3-A323-9A3EB764CC83}.Release|x86.ActiveCfg = Release|Win32
		{8A032221-5E58-41B3-A323-9A3EB764CC83}.Release|x86.Build.0 = Release|Win32
		{606AC2CE-8187-423F-B264-9DCEC378ADB1}.Debug|x64.ActiveCfg = Debug|x64
		{606AC2CE-8187-423F-B264-9DCEC378ADB1}.Debug|x64.Build.0 = Debug|x64
		{606AC2CE-8187-423F-B264-9DCEC378ADB1}.Debug|x86.ActiveCfg = Debug|Win32
		{606AC2CE-8187-423F-B264-9DCEC378ADB1}.Debug|x86.Build.0 = Debug|Win32
		{606AC2CE-8187-423F-B264-9DCEC378ADB1}.Release|x64.ActiveCfg = Release|x64
		{606AC2CE-8187-423F-B264-9DCEC378ADB1}.Release|x64.Build.0 = Release|x64
		{606AC2CE-8187-423F-B264-9DCEC378ADB1}.Release|x86.ActiveCfg = Release|Win32
		{606AC2CE-8187-423F-B264-9DCEC378ADB1}.Release|x86.Build.0 = Release|Win32
		{C0FE757D-2601-4D18-8F80-4A948BA6C08F}.Debug|x64.ActiveCfg = Debug|x64
		{C0FE757D-2601-4D18-8F80-4A948BA6C08F}.Debug|x64.Build.0 = Debug|x64
		{C0FE757D-2601-4D18-8F80-4A948BA6C08F}.Debug|x86.ActiveCfg = Debug|Win32
		{C0FE757D-2601-4D18-8F80-4A948BA6C08F}.Debug|x86.Build.0 = Debug|Win32
		{C0FE757D-2601-4D18-8F80-4A948BA6C08F}.Release|x64.ActiveCfg = Release|x64
		{C0FE757D-2601-4D18-8F80-4A948BA6C08F}.Release|x64.Build.0 = Release|x64
		{C0FE757D-2601-4D18-8F80-4A948BA6C08F}.Release|x86.ActiveCfg = Release|Win32
		{C0FE757D-2601-4D18-8F80-4A948BA6C08F}.Release|x86.Build.0 = Release|Win32
	EndGlobalSection
	GlobalSection(SolutionProperties) = preSolution
		HideSolutionNode = FALSE
	EndGlobalSection
	GlobalSection(ExtensibilityGlobals) = postSolution
		SolutionGuid = {9EC85AC6-9672-4242-B4DF-42F0DB34F19F}
	EndGlobalSection
EndGlobal
