
Microsoft Visual Studio Solution File, Format Version 12.00
# Visual Studio Version 16
VisualStudioVersion = 16.0.31702.278
MinimumVisualStudioVersion = 10.0.40219.1
Project("{8BC9CEB8-8B4A-11D0-8D11-00A0C91BC942}") = "Task1", "Task1\Task1.vcxproj", "{777D4357-2058-43AC-A4D4-1B54336E3968}"
EndProject
Project("{8BC9CEB8-8B4A-11D0-8D11-00A0C91BC942}") = "Task2", "Task2\Task2.vcxproj", "{0CAE0110-3193-4E32-A287-17B89CACCE80}"
EndProject
Project("{8BC9CEB8-8B4A-11D0-8D11-00A0C91BC942}") = "Task3", "Task3\Task3.vcxproj", "{AE2922AD-1AE2-49D6-B16C-9A0361955350}"
EndProject
Project("{8BC9CEB8-8B4A-11D0-8D11-00A0C91BC942}") = "Task4", "Task4\Task4.vcxproj", "{15A5A2A3-7976-4FCC-873D-F449F1FF8032}"
EndProject
Project("{8BC9CEB8-8B4A-11D0-8D11-00A0C91BC942}") = "Task5", "Task5\Task5.vcxproj", "{1BCD1A52-2F63-44EA-BDD1-74101BD18E39}"
EndProject
Project("{8BC9CEB8-8B4A-11D0-8D11-00A0C91BC942}") = "Task6", "Task6\Task6.vcxproj", "{CFF62724-05F6-4988-A90D-BE6507FE2D89}"
EndProject
Project("{8BC9CEB8-8B4A-11D0-8D11-00A0C91BC942}") = "Task7", "Task7\Task7.vcxproj", "{4BE21986-07DF-44C4-B374-818161B0004E}"
EndProject
Project("{8BC9CEB8-8B4A-11D0-8D11-00A0C91BC942}") = "Task8", "Task8\Task8.vcxproj", "{76B95280-C140-4DF7-BBDC-1F089CB1615A}"
EndProject
Project("{8BC9CEB8-8B4A-11D0-8D11-00A0C91BC942}") = "Task9", "Task9\Task9.vcxproj", "{FFE3D167-CAF8-460B-8D72-D9163004BE4F}"
EndProject
Global
	GlobalSection(SolutionConfigurationPlatforms) = preSolution
		Debug|x64 = Debug|x64
		Debug|x86 = Debug|x86
		Release|x64 = Release|x64
		Release|x86 = Release|x86
	EndGlobalSection
	GlobalSection(ProjectConfigurationPlatforms) = postSolution
		{777D4357-2058-43AC-A4D4-1B54336E3968}.Debug|x64.ActiveCfg = Debug|x64
		{777D4357-2058-43AC-A4D4-1B54336E3968}.Debug|x64.Build.0 = Debug|x64
		{777D4357-2058-43AC-A4D4-1B54336E3968}.Debug|x86.ActiveCfg = Debug|Win32
		{777D4357-2058-43AC-A4D4-1B54336E3968}.Debug|x86.Build.0 = Debug|Win32
		{777D4357-2058-43AC-A4D4-1B54336E3968}.Release|x64.ActiveCfg = Release|x64
		{777D4357-2058-43AC-A4D4-1B54336E3968}.Release|x64.Build.0 = Release|x64
		{777D4357-2058-43AC-A4D4-1B54336E3968}.Release|x86.ActiveCfg = Release|Win32
		{777D4357-2058-43AC-A4D4-1B54336E3968}.Release|x86.Build.0 = Release|Win32
		{0CAE0110-3193-4E32-A287-17B89CACCE80}.Debug|x64.ActiveCfg = Debug|x64
		{0CAE0110-3193-4E32-A287-17B89CACCE80}.Debug|x64.Build.0 = Debug|x64
		{0CAE0110-3193-4E32-A287-17B89CACCE80}.Debug|x86.ActiveCfg = Debug|Win32
		{0CAE0110-3193-4E32-A287-17B89CACCE80}.Debug|x86.Build.0 = Debug|Win32
		{0CAE0110-3193-4E32-A287-17B89CACCE80}.Release|x64.ActiveCfg = Release|x64
		{0CAE0110-3193-4E32-A287-17B89CACCE80}.Release|x64.Build.0 = Release|x64
		{0CAE0110-3193-4E32-A287-17B89CACCE80}.Release|x86.ActiveCfg = Release|Win32
		{0CAE0110-3193-4E32-A287-17B89CACCE80}.Release|x86.Build.0 = Release|Win32
		{AE2922AD-1AE2-49D6-B16C-9A0361955350}.Debug|x64.ActiveCfg = Debug|x64
		{AE2922AD-1AE2-49D6-B16C-9A0361955350}.Debug|x64.Build.0 = Debug|x64
		{AE2922AD-1AE2-49D6-B16C-9A0361955350}.Debug|x86.ActiveCfg = Debug|Win32
		{AE2922AD-1AE2-49D6-B16C-9A0361955350}.Debug|x86.Build.0 = Debug|Win32
		{AE2922AD-1AE2-49D6-B16C-9A0361955350}.Release|x64.ActiveCfg = Release|x64
		{AE2922AD-1AE2-49D6-B16C-9A0361955350}.Release|x64.Build.0 = Release|x64
		{AE2922AD-1AE2-49D6-B16C-9A0361955350}.Release|x86.ActiveCfg = Release|Win32
		{AE2922AD-1AE2-49D6-B16C-9A0361955350}.Release|x86.Build.0 = Release|Win32
		{15A5A2A3-7976-4FCC-873D-F449F1FF8032}.Debug|x64.ActiveCfg = Debug|x64
		{15A5A2A3-7976-4FCC-873D-F449F1FF8032}.Debug|x64.Build.0 = Debug|x64
		{15A5A2A3-7976-4FCC-873D-F449F1FF8032}.Debug|x86.ActiveCfg = Debug|Win32
		{15A5A2A3-7976-4FCC-873D-F449F1FF8032}.Debug|x86.Build.0 = Debug|Win32
		{15A5A2A3-7976-4FCC-873D-F449F1FF8032}.Release|x64.ActiveCfg = Release|x64
		{15A5A2A3-7976-4FCC-873D-F449F1FF8032}.Release|x64.Build.0 = Release|x64
		{15A5A2A3-7976-4FCC-873D-F449F1FF8032}.Release|x86.ActiveCfg = Release|Win32
		{15A5A2A3-7976-4FCC-873D-F449F1FF8032}.Release|x86.Build.0 = Release|Win32
		{1BCD1A52-2F63-44EA-BDD1-74101BD18E39}.Debug|x64.ActiveCfg = Debug|x64
		{1BCD1A52-2F63-44EA-BDD1-74101BD18E39}.Debug|x64.Build.0 = Debug|x64
		{1BCD1A52-2F63-44EA-BDD1-74101BD18E39}.Debug|x86.ActiveCfg = Debug|Win32
		{1BCD1A52-2F63-44EA-BDD1-74101BD18E39}.Debug|x86.Build.0 = Debug|Win32
		{1BCD1A52-2F63-44EA-BDD1-74101BD18E39}.Release|x64.ActiveCfg = Release|x64
		{1BCD1A52-2F63-44EA-BDD1-74101BD18E39}.Release|x64.Build.0 = Release|x64
		{1BCD1A52-2F63-44EA-BDD1-74101BD18E39}.Release|x86.ActiveCfg = Release|Win32
		{1BCD1A52-2F63-44EA-BDD1-74101BD18E39}.Release|x86.Build.0 = Release|Win32
		{CFF62724-05F6-4988-A90D-BE6507FE2D89}.Debug|x64.ActiveCfg = Debug|x64
		{CFF62724-05F6-4988-A90D-BE6507FE2D89}.Debug|x64.Build.0 = Debug|x64
		{CFF62724-05F6-4988-A90D-BE6507FE2D89}.Debug|x86.ActiveCfg = Debug|Win32
		{CFF62724-05F6-4988-A90D-BE6507FE2D89}.Debug|x86.Build.0 = Debug|Win32
		{CFF62724-05F6-4988-A90D-BE6507FE2D89}.Release|x64.ActiveCfg = Release|x64
		{CFF62724-05F6-4988-A90D-BE6507FE2D89}.Release|x64.Build.0 = Release|x64
		{CFF62724-05F6-4988-A90D-BE6507FE2D89}.Release|x86.ActiveCfg = Release|Win32
		{CFF62724-05F6-4988-A90D-BE6507FE2D89}.Release|x86.Build.0 = Release|Win32
		{4BE21986-07DF-44C4-B374-818161B0004E}.Debug|x64.ActiveCfg = Debug|x64
		{4BE21986-07DF-44C4-B374-818161B0004E}.Debug|x64.Build.0 = Debug|x64
		{4BE21986-07DF-44C4-B374-818161B0004E}.Debug|x86.ActiveCfg = Debug|Win32
		{4BE21986-07DF-44C4-B374-818161B0004E}.Debug|x86.Build.0 = Debug|Win32
		{4BE21986-07DF-44C4-B374-818161B0004E}.Release|x64.ActiveCfg = Release|x64
		{4BE21986-07DF-44C4-B374-818161B0004E}.Release|x64.Build.0 = Release|x64
		{4BE21986-07DF-44C4-B374-818161B0004E}.Release|x86.ActiveCfg = Release|Win32
		{4BE21986-07DF-44C4-B374-818161B0004E}.Release|x86.Build.0 = Release|Win32
		{76B95280-C140-4DF7-BBDC-1F089CB1615A}.Debug|x64.ActiveCfg = Debug|x64
		{76B95280-C140-4DF7-BBDC-1F089CB1615A}.Debug|x64.Build.0 = Debug|x64
		{76B95280-C140-4DF7-BBDC-1F089CB1615A}.Debug|x86.ActiveCfg = Debug|Win32
		{76B95280-C140-4DF7-BBDC-1F089CB1615A}.Debug|x86.Build.0 = Debug|Win32
		{76B95280-C140-4DF7-BBDC-1F089CB1615A}.Release|x64.ActiveCfg = Release|x64
		{76B95280-C140-4DF7-BBDC-1F089CB1615A}.Release|x64.Build.0 = Release|x64
		{76B95280-C140-4DF7-BBDC-1F089CB1615A}.Release|x86.ActiveCfg = Release|Win32
		{76B95280-C140-4DF7-BBDC-1F089CB1615A}.Release|x86.Build.0 = Release|Win32
		{FFE3D167-CAF8-460B-8D72-D9163004BE4F}.Debug|x64.ActiveCfg = Debug|x64
		{FFE3D167-CAF8-460B-8D72-D9163004BE4F}.Debug|x64.Build.0 = Debug|x64
		{FFE3D167-CAF8-460B-8D72-D9163004BE4F}.Debug|x86.ActiveCfg = Debug|Win32
		{FFE3D167-CAF8-460B-8D72-D9163004BE4F}.Debug|x86.Build.0 = Debug|Win32
		{FFE3D167-CAF8-460B-8D72-D9163004BE4F}.Release|x64.ActiveCfg = Release|x64
		{FFE3D167-CAF8-460B-8D72-D9163004BE4F}.Release|x64.Build.0 = Release|x64
		{FFE3D167-CAF8-460B-8D72-D9163004BE4F}.Release|x86.ActiveCfg = Release|Win32
		{FFE3D167-CAF8-460B-8D72-D9163004BE4F}.Release|x86.Build.0 = Release|Win32
	EndGlobalSection
	GlobalSection(SolutionProperties) = preSolution
		HideSolutionNode = FALSE
	EndGlobalSection
	GlobalSection(ExtensibilityGlobals) = postSolution
		SolutionGuid = {F97AC412-FE2C-434D-AB7E-9BC8918C058A}
	EndGlobalSection
EndGlobal
